<Solution>
  <Configurations>
    <Platform Name="Any CPU" />
    <Platform Name="x64" />
  </Configurations>
  <Project Path="Veloxap.AddIn.Erwin/Veloxap.AddIn.Erwin.csproj" Id="29622238-9c29-4f4f-9807-09a418b6708f">
    <Platform Solution="*|x64" Project="x64" />
  </Project>
  <Project Path="Veloxap.AddIn.Erwin/UiHost/Veloxap.AddIn.Erwin.UiHost.csproj" Id="7b5219b2-adcc-4d53-918a-e7d97c3a153d">
    <Platform Solution="*|x64" Project="x64" />
  </Project>
</Solution>
